{
  "name": "war-room",
  "version": "0.1.0",
  "lockfileVersion": 3,
  "requires": true,
  "packages": {
    "": {
      "name": "war-room",
      "version": "0.1.0",
      "dependencies": {
        "@hono/node-server": ">=1.19.13",
        "class-variance-authority": "^0.7.1",
        "clsx": "^2.1.1",
        "framer-motion": "^12.23.25",
        "hono": "^4.12.16",
        "jose": "^6.2.1",
        "lucide-react": "^0.563.0",
        "mapbox-gl": "^3.16.0",
        "next": "^16.2.3",
        "radix-ui": "^1.4.3",
        "react": "19.2.1",
        "react-dom": "19.2.1",
        "react-force-graph-2d": "^1.29.1",
        "react-map-gl": "^8.1.0",
        "react-markdown": "^10.1.0",
        "sharp": "^0.34.5",
        "swr": "^2.3.7",
        "tailwind-merge": "^3.4.0"
      },
      "devDependencies": {
        "@tailwindcss/postcss": "^4",
        "@types/mapbox-gl": "^3.4.1",
        "@types/node": "^20",
        "@types/react": "^19",
        "@types/react-dom": "^19",
        "eslint": "^9",
        "eslint-config-next": "^16.2.1",
        "shadcn": "^3.8.4",
        "tailwindcss": "^4",
        "tw-animate-css": "^1.4.0",
        "typescript": "5.9.3"
      }
    },
    "node_modules/@alloc/quick-lru": {
      "version": "5.2.0",
      "resolved": "https://registry.npmjs.org/@alloc/quick-lru/-/quick-lru-5.2.0.tgz",
      "integrity": "sha512-UrcABB+4bUrFABwbluTIBErXwvbsU/V7TZWfmbgJfbkwiBuziS9gxdODUyuiecfdGQ85jglMW6juS3+z5TsKLw==",
      "dev": true,
      "license": "MIT",
      "engines": {
        "node": ">=10"
      },
      "funding": {
        "url": "https://github.com/sponsors/sindresorhus"
      }
    },
    "node_modules/@antfu/ni": {
      "version": "25.0.0",
      "resolved": "https://registry.npmjs.org/@antfu/ni/-/ni-25.0.0.tgz",
      "integrity": "sha512-9q/yCljni37pkMr4sPrI3G4jqdIk074+iukc5aFJl37koCDAswSEZdaQlAjGCmi/9RCDZwVktl23puGzmgvA==",
      "dev": true,
      "license": "MIT",
      "dependencies": {
        "ansis": "^4.0.0",
        "fzf": "^0.5.2",
        "package-manager-detector": "^1.3.0",
        "tinyexec": "^1.0.1"
      },
      "bin": {
        "na": "bin/na.mjs",
        "nci": "bin/nci.mjs",
        "ni": "bin/ni.mjs",
        "nlx": "bin/nlx.mjs",
        "nr": "bin/nr.mjs",
        "nun": "bin/nun.mjs",
        "nup": "bin/nup.mjs"
      }
    },
    "node_modules/@babel/code-frame": {
      "version": "7.29.0",
      "resolved": "https://registry.npmjs.org/@babel/code-frame/-/code-frame-7.29.0.tgz",
      "integrity": "sha512-9NhCeYjq9+3uxgdtp20LSiJXJvN0FeCtNGpJxuMFZ1Kv3cWUNb6DOhJwUcVCzKGR66cw49jsmu3GlrCvASmgOwbw==",
      "dev": true,
      "license": "MIT",
      "dependencies": {
        "@babel/helper-validator-identifier": "^7.28.5",
        "js-tokens": "^4.0.0",
        "picocolors": "^1.1.1"
      },
      "engines": {
        "node": ">=6.9.0"
      }
    },
    "node_modules/@babel/compat-data": {
      "version": "7.29.0",
      "resolved": "https://registry.npmjs.org/@babel/compat-data/-/compat-data-7.29.0.tgz",
      "integrity": "sha512-T1NCJqT/j9+cn8fv4kt7jtwbLBfLC/1y1c7NtCeXFRgzGTsafi68MRv2yzkYSapBnFA6L3/U2VSc02ciDzoAJHJg==",
      "dev": true,
      "license": "MIT",
      "engines": {
        "node": ">=6.9.0"
      }
    },
    "node_modules/@babel/core": {
      "version": "7.29.0",
      "resolved": "https://registry.npmjs.org/@babel/core/-/core-7.29.0.tgz",
      "integrity": "sha512-CGOfOJqWjg2qW/Mb6zNsDm+u5vFQ8DxXfbM09z69p5Z6+mE1ikP2jUXw-j42Pf1XTYED2Rni5f95npYeuwMDQAUgQ==",
      "dev": true,
      "license": "MIT",
      "dependencies": {
        "@babel/code-frame": "^7.29.0",
        "@babel/generator": "^7.29.0",
        "@babel/helper-compilation-targets": "^7.28.6",
        "@babel/helper-module-transforms": "^7.28.6",
        "@babel/helpers": "^7.28.6",
        "@babel/parser": "^7.29.0",
        "@babel/template": "^7.28.6",
        "@babel/traverse": "^7.29.0",
        "@babel/types": "^7.29.0",
        "@jridgewell/remapping": "^2.3.5",
        "convert-source-map": "^2.0.0",
        "debug": "^4.1.0",
        "gensync": "^1.0.0-beta.2",
        "json5": "^2.2.3",
        "semver": "^6.3.1"
      },
      "engines": {
        "node": ">=6.9.0"
      },
      "funding": {
        "type": "opencollective",
        "url": "https://opencollective.com/babel"
      }
    },
    "node_modules/@babel/generator": {
      "version": "7.29.1",
      "resolved": "https://registry.npmjs.org/@babel/generator/-/generator-7.29.1.tgz",
      "integrity": "sha512-qsaF+9Qcm2Qv8SRIIMscAvG4O3lJ0F1GuMo5HR/Bp02LopNgnZ2ueK2m4QqzOfiAvjuWWWpikmDhNqfFgKw==",
      "dev": true,
      "license": "MIT",
      "dependencies": {
        "@babel/parser": "^7.29.0",
        "@babel/types": "^7.29.0",
        "@jridgewell/gen-mapping": "^0.3.12",
        "@jridgewell/trace-mapping": "^0.3.28",
        "jsesc": "^3.0.2"
      },
      "engines": {
        "node": ">=6.9.0"
      }
    },
    "node_modules/@babel/helper-annotate-as-pure": {
      "version": "7.27.3",
      "resolved": "https://registry.npmjs.org/@babel/helper-annotate-as-pure/-/helper-annotate-as-pure-7.27.3.tgz",
      "integrity": "sha512-fXSwMqitTGeHLBC08Eq5yXz2m37E4pJX1qAU1+2cNEdz9/ifv/bVXht90VeSav5nFO61EcNgr0aJxbyPaWBPg==",
      "dev": true,
      "license": "MIT",
      "dependencies": {
        "@babel/types": "^7.27.3"
      },
      "engines": {
        "node": ">=6.9.0"
      }
    },
    "node_modules/@babel/helper-compilation-targets": {
      "version": "7.28.6",
      "resolved": "https://registry.npmjs.org/@babel/helper-compilation-targets/-/helper-compilation-targets-7.28.6.tgz",
      "integrity": "sha512-JYtls3hqi15fcx5GaSNL7SCTJ2MNmjrkHXg4FSpOA/grxK8KKyZ5bubHsCq8FXCkua6xhuaABit+3b3+VZRfcA==",
      "dev": true,
      "license": "MIT",
      "dependencies": {
        "@babel/compat-data": "^7.28.6",
        "@babel/helper-validator-option": "^7.27.1",
        "browserslist": "^4.24.0",
        "lru-cache": "^5.1.1",
        "semver": "^6.3.1"
      },
      "engines": {
        "node": ">=6.9.0"
      }
    },
    "node_modules/@babel/helper-create-class-features-plugin": {
      "version": "7.28.6",
      "resolved": "https://registry.npmjs.org/@babel/helper-create-class-features-plugin/-/helper-create-class-features-plugin-7.28.6.tgz",
      "integrity": "sha512-dTOdvsjrnG3xNT9Y0AUg1wAl38y+4Rl4sf9caSQZOXdNqVn+H+HbbJ4IYyHaIqNR6SW9oJpA/RuRjsjCw2IdIow==",
      "dev": true,
      "license": "MIT",
      "dependencies": {
        "@babel/helper-annotate-as-pure": "^7.27.3",
        "@babel/helper-member-expression-to-functions": "^7.28.5",
        "@babel/helper-optimise-call-expression": "^7.27.1",
        "@babel/helper-replace-supers": "^7.28.6",
        "@babel/helper-skip-transparent-expression-wrappers": "^7.27.1",
        "@babel/traverse": "^7.28.6",
        "semver": "^6.3.1"
      },
      "engines": {
        "node": ">=6.9.0"
      },
      "peerDependencies": {
        "@babel/core": "^7.0.0"
      }
    },
    "node_modules/@babel/helper-globals": {
      "version": "7.28.0",
      "resolved": "https://registry.npmjs.org/@babel/helper-globals/-/helper-globals-7.28.0.tgz",
      "integrity": "sha512-W6cISkXFa1jXsEdYA8heEvQT/FULhxzR99pXphtlZcVaugps53THCeiWA8SguxxpSp3gKPiYufSWopkLQ4hw==",
      "dev": true,
      "license": "MIT",
      "engines": {
        "node": ">=6.9.0"
      }
    },
    "node_modules/@babel/helper-member-expression-to-functions": {
      "version": "7.28.5",
      "resolved": "https://registry.npmjs.org/@babel/helper-member-expression-to-functions/-/helper-member-expression-to-functions-7.28.5.tgz",
      "integrity": "sha512-cwM7SBRZcPCLgl8a7cY0soT1SptSzAlMH39vwiRpOQsKJlh53r5hdHpLSCZpQdVLT39sZt+CRpNwYG4Y2v77atg==",
      "dev": true,
      "license": "MIT",
      "dependencies": {
        "@babel/traverse": "^7.28.5",
        "@babel/types": "^7.28.5"
      },
      "engines": {
        "node": ">=6.9.0"
      }
    },
    "node_modules/@babel/helper-module-imports": {
      "version": "7.28.6",
      "resolved": "https://registry.npmjs.org/@babel/helper-module-imports/-/helper-module-imports-7.28.6.tgz",
      "integrity": "sha512-l5XkZK7r7wa9LucGw9LwZyiwCUscb4x37JWTPz7swwFE/0FMQAGpiWUZn8u9D3kSBOEK25jmvabfpw2dnAMdbw==",
      "dev": true,
      "license": "MIT",
      "dependencies": {
        "@babel/traverse": "^7.28.6",
        "@babel/types": "^7.28.6"
      },
      "engines": {
        "node": ">=6.9.0"
      }
    },
    "node_modules/@babel/helper-module-transforms": {
      "version": "7.28.6",
      "resolved": "https://registry.npmjs.org/@babel/helper-module-transforms/-/helper-module-transforms-7.28.6.tgz",
      "integrity": "sha512-67oXFAYr2cDLDVGLXTEABjdBJZ6drElUSI7WKp70NrpyISso3plG9SAGEG6y7zbha/wOzUByWWTJnEDVNIUGcaA==",
      "dev": true,
      "license": "MIT",
      "dependencies": {
        "@babel/helper-module-imports": "^7.28.6",
        "@babel/helper-validator-identifier": "^7.28.5",
        "@babel/traverse": "^7.28.6"
      },
      "engines": {
        "node": ">=6.9.0"
      },
      "peerDependencies": {
        "@babel/core": "^7.0.0"
      }
    },
    "node_modules/@babel/helper-optimise-call-expression": {
      "version": "7.27.1",
      "resolved": "https://registry.npmjs.org/@babel/helper-optimise-call-expression/-/helper-optimise-call-expression-7.27.1.tgz",
      "integrity": "sha512-URMGH08NzYFhubNSGJrpUEphGKwMQYBySzAt5CAKGoj3BaoKBr1YQlL2W+3JpQAYBJ8+ikpQ2Ocjq/r0LwE3UhENh7EUabyHjz2iCymRY83ew2DQdHluuiDQFzg==",
      "dev": true,
      "license": "MIT",
      "dependencies": {
        "@babel/types": "^7.27.1"
      },
      "engines": {
        "node": ">=6.9.0"
      }
    },
    "node_modules/@babel/helper-plugin-utils": {
      "version": "7.28.6",
      "resolved": "https://registry.npmjs.org/@babel/helper-plugin-utils/-/helper-plugin-utils-7.28.6.tgz",
      "integrity": "sha512-S9gzZ/bz83GRysI7gAD4wPT/AI=uCnY+9xn+Mx7Kps2JwbJjuS3+z5TsKLw==",
      "dev": true,
      "license": "MIT",
      "engines": {
        "node": ">=6.9.0"
      }
    },
    "node_modules/@babel/helper-replace-supers": {
      "version": "7.28.6",
      "resolved": "https://registry.npmjs.org/@babel/helper-replace-supers/-/helper-replace-supers-7.28.6.tgz",
      "integrity": "sha512-mq8d+laIk94/yFec3DxSjCRD2Z0TAjhVbEJY2XSYqQhb1WCg",
      "dev": true,
      "license": "MIT",
      "dependencies": {
        "@babel/helper-member-expression-to-functions": "^7.28.5",
        "@babel/helper-optimise-call-expression": "^7.27.1",
        "@babel/traverse": "^7.28.6"
      },
      "engines": {
        "node": ">=6.9.0"
      },
      "peerDependencies": {
        "@babel/core": "^7.0.0"
      }
    }
